
Microsoft Visual Studio Solution File, Format Version 12.00
# Visual Studio Version 16
VisualStudioVersion = 16.0.29215.179
MinimumVisualStudioVersion = 10.0.40219.1
Project("{FAE04EC0-301F-11D3-BF4B-00C04F79EFBC}") = "DemoProject", "DemoProject\DemoProject.csproj", "{66DED736-4A18-4F99-B399-B5667484082C}"
EndProject
Global
	GlobalSection(SolutionConfigurationPlatforms) = preSolution
		Debug|Any CPU = Debug|Any CPU
		Release|Any CPU = Release|Any CPU
	EndGlobalSection
	GlobalSection(ProjectConfigurationPlatforms) = postSolution
		{66DED736-4A18-4F99-B399-B5667484082C}.Debug|Any CPU.ActiveCfg = Debug|Any CPU
		{66DED736-4A18-4F99-B399-B5667484082C}.Debug|Any CPU.Build.0 = Debug|Any CPU
		{66DED736-4A18-4F99-B399-B5667484082C}.Release|Any CPU.ActiveCfg = Release|Any CPU
		{66DED736-4A18-4F99-B399-B5667484082C}.Release|Any CPU.Build.0 = Release|Any CPU
	EndGlobalSection
	GlobalSection(SolutionProperties) = preSolution
		HideSolutionNode = FALSE
	EndGlobalSection
	GlobalSection(ExtensibilityGlobals) = postSolution
		SolutionGuid = {9ABDBA8F-7672-448B-B38D-D8DA89E740E1}
	EndGlobalSection
EndGlobal
